
Microsoft Visual Studio Solution File, Format Version 12.00
# Visual Studio Version 17
VisualStudioVersion = 17.4.33205.214
MinimumVisualStudioVersion = 10.0.40219.1
Project("{9A19103F-16F7-4668-BE54-9A1E7A4F7556}") = "AMvcCoreProjeKampi", "1-McvCoreProje\AMvcCoreProjeKampi.csproj", "{9A92957C-C1FB-4D6A-A66B-9E15B71BEA23}"
EndProject
Project("{9A19103F-16F7-4668-BE54-9A1E7A4F7556}") = "BusinessLayer", "BusinessLayer\BusinessLayer.csproj", "{8BE6981D-5009-44A7-A1AC-71CCE2870639}"
EndProject
Project("{9A19103F-16F7-4668-BE54-9A1E7A4F7556}") = "EntityLayer", "EntityLayer\EntityLayer.csproj", "{AB7AFFF8-A588-4A64-99DB-432CC2BEDD61}"
EndProject
Project("{9A19103F-16F7-4668-BE54-9A1E7A4F7556}") = "DataAccessLayer", "Data AccessLayer\DataAccessLayer.csproj", "{0181DB08-6982-4CFA-A672-E1248E6B6038}"
EndProject
Project("{FAE04EC0-301F-11D3-BF4B-00C04F79EFBC}") = "BlogApiDemo", "BlogApiDemo\BlogApiDemo.csproj", "{B10D3042-265D-4A99-B984-D3A7B1FF5560}"
EndProject
Global
	GlobalSection(SolutionConfigurationPlatforms) = preSolution
		Debug|Any CPU = Debug|Any CPU
		Release|Any CPU = Release|Any CPU
	EndGlobalSection
	GlobalSection(ProjectConfigurationPlatforms) = postSolution
		{9A92957C-C1FB-4D6A-A66B-9E15B71BEA23}.Debug|Any CPU.ActiveCfg = Debug|Any CPU
		{9A92957C-C1FB-4D6A-A66B-9E15B71BEA23}.Debug|Any CPU.Build.0 = Debug|Any CPU
		{9A92957C-C1FB-4D6A-A66B-9E15B71BEA23}.Release|Any CPU.ActiveCfg = Release|Any CPU
		{9A92957C-C1FB-4D6A-A66B-9E15B71BEA23}.Release|Any CPU.Build.0 = Release|Any CPU
		{8BE6981D-5009-44A7-A1AC-71CCE2870639}.Debug|Any CPU.ActiveCfg = Debug|Any CPU
		{8BE6981D-5009-44A7-A1AC-71CCE2870639}.Debug|Any CPU.Build.0 = Debug|Any CPU
		{8BE6981D-5009-44A7-A1AC-71CCE2870639}.Release|Any CPU.ActiveCfg = Release|Any CPU
		{8BE6981D-5009-44A7-A1AC-71CCE2870639}.Release|Any CPU.Build.0 = Release|Any CPU
		{AB7AFFF8-A588-4A64-99DB-432CC2BEDD61}.Debug|Any CPU.ActiveCfg = Debug|Any CPU
		{AB7AFFF8-A588-4A64-99DB-432CC2BEDD61}.Debug|Any CPU.Build.0 = Debug|Any CPU
		{AB7AFFF8-A588-4A64-99DB-432CC2BEDD61}.Release|Any CPU.ActiveCfg = Release|Any CPU
		{AB7AFFF8-A588-4A64-99DB-432CC2BEDD61}.Release|Any CPU.Build.0 = Release|Any CPU
		{0181DB08-6982-4CFA-A672-E1248E6B6038}.Debug|Any CPU.ActiveCfg = Debug|Any CPU
		{0181DB08-6982-4CFA-A672-E1248E6B6038}.Debug|Any CPU.Build.0 = Debug|Any CPU
		{0181DB08-6982-4CFA-A672-E1248E6B6038}.Release|Any CPU.ActiveCfg = Release|Any CPU
		{0181DB08-6982-4CFA-A672-E1248E6B6038}.Release|Any CPU.Build.0 = Release|Any CPU
		{B10D3042-265D-4A99-B984-D3A7B1FF5560}.Debug|Any CPU.ActiveCfg = Debug|Any CPU
		{B10D3042-265D-4A99-B984-D3A7B1FF5560}.Debug|Any CPU.Build.0 = Debug|Any CPU
		{B10D3042-265D-4A99-B984-D3A7B1FF5560}.Release|Any CPU.ActiveCfg = Release|Any CPU
		{B10D3042-265D-4A99-B984-D3A7B1FF5560}.Release|Any CPU.Build.0 = Release|Any CPU
	EndGlobalSection
	GlobalSection(SolutionProperties) = preSolution
		HideSolutionNode = FALSE
	EndGlobalSection
	GlobalSection(ExtensibilityGlobals) = postSolution
		SolutionGuid = {166C7938-5107-4D5D-B195-E564B3664B02}
	EndGlobalSection
EndGlobal
